{
  "name": "my-practical-work-with-sass",
  "version": "1.0.0",
  "lockfileVersion": 3,
  "requires": true,
  "packages": {
    "": {
      "name": "my-practical-work-with-sass",
      "version": "1.0.0",
      "license": "ISC",
      "dependencies": {
        "sass-rem": "^3.0.0"
      }
    },
    "node_modules/sass-rem": {
      "version": "3.0.0",
      "resolved": "https://registry.npmjs.org/sass-rem/-/sass-rem-3.0.0.tgz",
      "integrity": "sha512-tgK/2ojS/z4OjlJT6J/Gc3TgN97W/4tTWuEdVXO1/P46L/Ud4iG3t+s007KTHP+BX9tqLgFPl3fgstUsva5rtg=="
    }
  }
}
